
Microsoft Visual Studio Solution File, Format Version 12.00
# Visual Studio Version 16
VisualStudioVersion = 16.0.30114.105
MinimumVisualStudioVersion = 10.0.40219.1
Project("{9092AA53-FB77-4645-B42D-1CCCA6BD08BD}") = "Jaguar_cars", "Jaguar_cars.njsproj", "{62D30197-80E8-4FA4-A81D-12BB56A27E7A}"
EndProject
Global
	GlobalSection(SolutionConfigurationPlatforms) = preSolution
		Debug|Any CPU = Debug|Any CPU
		Release|Any CPU = Release|Any CPU
	EndGlobalSection
	GlobalSection(ProjectConfigurationPlatforms) = postSolution
		{62D30197-80E8-4FA4-A81D-12BB56A27E7A}.Debug|Any CPU.ActiveCfg = Debug|Any CPU
		{62D30197-80E8-4FA4-A81D-12BB56A27E7A}.Debug|Any CPU.Build.0 = Debug|Any CPU
		{62D30197-80E8-4FA4-A81D-12BB56A27E7A}.Release|Any CPU.ActiveCfg = Release|Any CPU
		{62D30197-80E8-4FA4-A81D-12BB56A27E7A}.Release|Any CPU.Build.0 = Release|Any CPU
	EndGlobalSection
	GlobalSection(SolutionProperties) = preSolution
		HideSolutionNode = FALSE
	EndGlobalSection
	GlobalSection(ExtensibilityGlobals) = postSolution
		SolutionGuid = {C5C772BB-577A-49FE-9CD8-8703497FD87C}
	EndGlobalSection
EndGlobal
